
Microsoft Visual Studio Solution File, Format Version 12.00
# Visual Studio Version 17
VisualStudioVersion = 17.5.33516.290
MinimumVisualStudioVersion = 10.0.40219.1
Project("{FAE04EC0-301F-11D3-BF4B-00C04F79EFBC}") = "TP-Final-equipo2", "TP-Final-equipo2\TP-Final-equipo2.csproj", "{18B377BD-0650-4B15-B075-17C5FD5323FC}"
EndProject
Global
	GlobalSection(SolutionConfigurationPlatforms) = preSolution
		Debug|Any CPU = Debug|Any CPU
		Release|Any CPU = Release|Any CPU
	EndGlobalSection
	GlobalSection(ProjectConfigurationPlatforms) = postSolution
		{18B377BD-0650-4B15-B075-17C5FD5323FC}.Debug|Any CPU.ActiveCfg = Debug|Any CPU
		{18B377BD-0650-4B15-B075-17C5FD5323FC}.Debug|Any CPU.Build.0 = Debug|Any CPU
		{18B377BD-0650-4B15-B075-17C5FD5323FC}.Release|Any CPU.ActiveCfg = Release|Any CPU
		{18B377BD-0650-4B15-B075-17C5FD5323FC}.Release|Any CPU.Build.0 = Release|Any CPU
	EndGlobalSection
	GlobalSection(SolutionProperties) = preSolution
		HideSolutionNode = FALSE
	EndGlobalSection
	GlobalSection(ExtensibilityGlobals) = postSolution
		SolutionGuid = {54572F6D-8B48-4007-B573-6A11FBEC319C}
	EndGlobalSection
EndGlobal
